github.com/volts-dev/cacher v0.0.0-20220923021026-8c0ad5f82b30 h1:U6hQ/JgVdJoJ8hobn7d4uj9t+b1zibYnUCV7E4IrkTA=
github.com/volts-dev/cacher v0.0.0-20220923021026-8c0ad5f82b30/go.mod h1:CHDHqUmil+VJ2Zn7jgRV4Bf7TEeA6BjHgfzgVHJJEGc=
github.com/volts-dev/dataset v0.0.0-20220820110417-fb569fdfcef0 h1:B1O+u7CatjYZxtl0lylIa2iwib6O8r79M91LUhppYmk=
github.com/volts-dev/dataset v0.0.0-20220820110417-fb569fdfcef0/go.mod h1:fDsQVNklrfZj6ckuCl8GgSEfFAG4gpcFOdpSh8laQfg=
github.com/volts-dev/logger v0.0.0-20210803162057-18754d780c31 h1:bqgYK+7Ek0FuDq5ucyrKZ6v/iTkIYXr1Z9Hj8mFZfRY=
github.com/volts-dev/logger v0.0.0-20210803162057-18754d780c31/go.mod h1:6inPB8QNCDUKyIw9dB9zBvboUgfHsApbVOEqW3vVTh4=
github.com/volts-dev/utils v0.0.0-20210131181100-6365ffec7098/go.mod h1:Gc+qRhI3xm2jw2mAv+X7xI91R9+t+oeTrnYoUes1Aco=
github.com/volts-dev/utils v0.0.0-20220910074456-cb5176e72a85 h1:A/3PX+lbdMqkNVVw+IOkjjs+6lVWuKNZbKwmO+R4oF0=
github.com/volts-dev/utils v0.0.0-20220910074456-cb5176e72a85/go.mod h1:Gc+qRhI3xm2jw2mAv+X7xI91R9+t+oeTrnYoUes1Aco=
github.com/volts-dev/volts v0.0.0-20220914091534-201a863d2943 h1:SDzqGeSjNAy7wSpLrFmyuSYyCInHp8+asiGx50BTvt4=
github.com/volts-dev/volts v0.0.0-20220914091534-201a863d2943/go.mod h1:EErBH6pkmaz5YxBNg+6u5JdwQg3HCfO9cr35ppL78G4=
